{
  "version": 4,
  "terraform_version": "1.4.4",
  "serial": 10,
  "lineage": "27ed376b-10bb-f8c1-b892-1d0073c2d042",
  "outputs": {},
  "resources": [
    {
      "mode": "managed",
      "type": "azurerm_linux_virtual_machine",
      "name": "vm-b3-vm1",
      "provider": "provider[\"registry.terraform.io/hashicorp/azurerm\"]",
      "instances": [
        {
          "schema_version": 0,
          "attributes": {
            "additional_capabilities": [],
            "admin_password": null,
            "admin_ssh_key": [
              {
                "public_key": "ssh-rsa AAAAB3NzaC1yc2EAAAADAQABAAACAQDYETVWJzgRyKz8hDV20tvlH7ODoIu3tqfqfFcUWzUPVqO3WwaBzCY+dWQFPCITU1EjAio+tuFCLJdTN7CNkcPcQ7WA9VBtixbxceAiKxI1TiDaapumfWabOGwFZV/WxQtJJ25sjD+EVrrcLXyUQO2zouP3UclboFw7jn+QqoUng3/6u2wgVbhJdwoOWikJBibdLoyWussXhTaZrv78o26JW+Gqzg7jAkNvgkzdCcc0NSEHM/9qSnDKAL3blu4jjKTqYRzvIo+a+29BDbn6mgoQQOd9yDTd6GwU26a2tVOQRNGkPzrKjF2y74HE7B6Khf6cLf24kHiI4OE0ydup9toCyKVHqr3lJDHatU26q9Z7h3HbH+BPSxaCSxAE/UyUPmZ2+Ag13QKczFF5H7dexyxuUL9RiNVx2giczDm32NEcSVp/WkY9B3MFyvMrk4jfb+PbtB32YHl/gO/usGZeV1jMR8UxUcV/qUog+xdZV8RIq71DqoWqgsJjMyMMwNBnzsZ1U+xga7eHR4A4B14lfixiUhMuxGOZQdQFiq+adEDS6viNQtzF2zNa950iyfRdfrnFdC4VAws1qsswwbW4BTM5pQvMqE/wGo37AOnhuKoYAJQV2dyYm+ZCxzTXmtWRvBvg7PaswMVSlg+Nfc8czNSat7DRItDIcAl3DGiMugBFfw==\r\n",
                "username": "theo"
              }
            ],
            "admin_username": "theo",
            "allow_extension_operations": true,
            "availability_set_id": "",
            "boot_diagnostics": [],
            "capacity_reservation_group_id": "",
            "computer_name": "b3-vm1",
            "custom_data": null,
            "dedicated_host_group_id": "",
            "dedicated_host_id": "",
            "disable_password_authentication": true,
            "edge_zone": "",
            "encryption_at_host_enabled": false,
            "eviction_policy": "",
            "extensions_time_budget": "PT1H30M",
            "gallery_application": [],
            "id": "/subscriptions/abd16081-d606-48a0-a73f-1dd4984e5cd8/resourceGroups/b3-vm1/providers/Microsoft.Compute/virtualMachines/b3-vm1",
            "identity": [],
            "license_type": "",
            "location": "eastus",
            "max_bid_price": -1,
            "name": "b3-vm1",
            "network_interface_ids": [
              "/subscriptions/abd16081-d606-48a0-a73f-1dd4984e5cd8/resourceGroups/b3-vm1/providers/Microsoft.Network/networkInterfaces/example-nic"
            ],
            "os_disk": [
              {
                "caching": "ReadWrite",
                "diff_disk_settings": [],
                "disk_encryption_set_id": "",
                "disk_size_gb": 30,
                "name": "b3-vm1_OsDisk_1_0c16514370ff41008265ef1c0b79f2e3",
                "secure_vm_disk_encryption_set_id": "",
                "security_encryption_type": "",
                "storage_account_type": "Standard_LRS",
                "write_accelerator_enabled": false
              }
            ],
            "patch_assessment_mode": "ImageDefault",
            "patch_mode": "ImageDefault",
            "plan": [],
            "platform_fault_domain": -1,
            "priority": "Regular",
            "private_ip_address": "10.0.2.4",
            "private_ip_addresses": [
              "10.0.2.4"
            ],
            "provision_vm_agent": true,
            "proximity_placement_group_id": "",
            "public_ip_address": "",
            "public_ip_addresses": [],
            "resource_group_name": "b3-vm1",
            "secret": [],
            "secure_boot_enabled": false,
            "size": "Standard_B1s",
            "source_image_id": "",
            "source_image_reference": [
              {
                "offer": "UbuntuServer",
                "publisher": "Canonical",
                "sku": "18.04-LTS",
                "version": "latest"
              }
            ],
            "tags": null,
            "termination_notification": null,
            "timeouts": null,
            "user_data": "",
            "virtual_machine_id": "f4e273c0-b24f-4d53-9389-1ef3625bef8e",
            "virtual_machine_scale_set_id": "",
            "vtpm_enabled": false,
            "zone": ""
          },
          "sensitive_attributes": [],
          "private": "eyJlMmJmYjczMC1lY2FhLTExZTYtOGY4OC0zNDM2M2JjN2M0YzAiOnsiY3JlYXRlIjoyNzAwMDAwMDAwMDAwLCJkZWxldGUiOjI3MDAwMDAwMDAwMDAsInJlYWQiOjMwMDAwMDAwMDAwMCwidXBkYXRlIjoyNzAwMDAwMDAwMDAwfX0=",
          "dependencies": [
            "azurerm_network_interface.nic-b3-vm1",
            "azurerm_resource_group.rg-b3-vm1"
          ]
        }
      ]
    },
    {
      "mode": "managed",
      "type": "azurerm_network_interface",
      "name": "nic-b3-vm1",
      "provider": "provider[\"registry.terraform.io/hashicorp/azurerm\"]",
      "instances": [
        {
          "schema_version": 0,
          "attributes": {
            "applied_dns_servers": [],
            "dns_servers": [],
            "edge_zone": "",
            "enable_accelerated_networking": false,
            "enable_ip_forwarding": false,
            "id": "/subscriptions/abd16081-d606-48a0-a73f-1dd4984e5cd8/resourceGroups/b3-vm1/providers/Microsoft.Network/networkInterfaces/example-nic",
            "internal_dns_name_label": "",
            "internal_domain_name_suffix": "e2wve4koubgundkawpqd1hyveg.bx.internal.cloudapp.net",
            "ip_configuration": [
              {
                "gateway_load_balancer_frontend_ip_configuration_id": "",
                "name": "internal",
                "primary": true,
                "private_ip_address": "10.0.2.4",
                "private_ip_address_allocation": "Dynamic",
                "private_ip_address_version": "IPv4",
                "public_ip_address_id": "",
                "subnet_id": "/subscriptions/abd16081-d606-48a0-a73f-1dd4984e5cd8/resourceGroups/b3-vm1/providers/Microsoft.Network/virtualNetworks/b3-vm1/subnets/internal"
              }
            ],
            "location": "eastus",
            "mac_address": "",
            "name": "example-nic",
            "private_ip_address": "10.0.2.4",
            "private_ip_addresses": [
              "10.0.2.4"
            ],
            "resource_group_name": "b3-vm1",
            "tags": {},
            "timeouts": null,
            "virtual_machine_id": ""
          },
          "sensitive_attributes": [],
          "private": "eyJlMmJmYjczMC1lY2FhLTExZTYtOGY4OC0zNDM2M2JjN2M0YzAiOnsiY3JlYXRlIjoxODAwMDAwMDAwMDAwLCJkZWxldGUiOjE4MDAwMDAwMDAwMDAsInJlYWQiOjMwMDAwMDAwMDAwMCwidXBkYXRlIjoxODAwMDAwMDAwMDAwfX0=",
          "dependencies": [
            "azurerm_resource_group.rg-b3-vm1",
            "azurerm_subnet.s-b3-vm1",
            "azurerm_virtual_network.vn-b3-vm1"
          ]
        }
      ]
    },
    {
      "mode": "managed",
      "type": "azurerm_resource_group",
      "name": "rg-b3-vm1",
      "provider": "provider[\"registry.terraform.io/hashicorp/azurerm\"]",
      "instances": [
        {
          "schema_version": 0,
          "attributes": {
            "id": "/subscriptions/abd16081-d606-48a0-a73f-1dd4984e5cd8/resourceGroups/b3-vm1",
            "location": "eastus",
            "name": "b3-vm1",
            "tags": {},
            "timeouts": null
          },
          "sensitive_attributes": [],
          "private": "eyJlMmJmYjczMC1lY2FhLTExZTYtOGY4OC0zNDM2M2JjN2M0YzAiOnsiY3JlYXRlIjo1NDAwMDAwMDAwMDAwLCJkZWxldGUiOjU0MDAwMDAwMDAwMDAsInJlYWQiOjMwMDAwMDAwMDAwMCwidXBkYXRlIjo1NDAwMDAwMDAwMDAwfX0="
        }
      ]
    },
    {
      "mode": "managed",
      "type": "azurerm_subnet",
      "name": "s-b3-vm1",
      "provider": "provider[\"registry.terraform.io/hashicorp/azurerm\"]",
      "instances": [
        {
          "schema_version": 0,
          "attributes": {
            "address_prefixes": [
              "10.0.2.0/24"
            ],
            "delegation": [],
            "enforce_private_link_endpoint_network_policies": false,
            "enforce_private_link_service_network_policies": false,
            "id": "/subscriptions/abd16081-d606-48a0-a73f-1dd4984e5cd8/resourceGroups/b3-vm1/providers/Microsoft.Network/virtualNetworks/b3-vm1/subnets/internal",
            "name": "internal",
            "private_endpoint_network_policies_enabled": true,
            "private_link_service_network_policies_enabled": true,
            "resource_group_name": "b3-vm1",
            "service_endpoint_policy_ids": [],
            "service_endpoints": [],
            "timeouts": null,
            "virtual_network_name": "b3-vm1"
          },
          "sensitive_attributes": [],
          "private": "eyJlMmJmYjczMC1lY2FhLTExZTYtOGY4OC0zNDM2M2JjN2M0YzAiOnsiY3JlYXRlIjoxODAwMDAwMDAwMDAwLCJkZWxldGUiOjE4MDAwMDAwMDAwMDAsInJlYWQiOjMwMDAwMDAwMDAwMCwidXBkYXRlIjoxODAwMDAwMDAwMDAwfX0=",
          "dependencies": [
            "azurerm_resource_group.rg-b3-vm1",
            "azurerm_virtual_network.vn-b3-vm1"
          ]
        }
      ]
    },
    {
      "mode": "managed",
      "type": "azurerm_virtual_network",
      "name": "vn-b3-vm1",
      "provider": "provider[\"registry.terraform.io/hashicorp/azurerm\"]",
      "instances": [
        {
          "schema_version": 0,
          "attributes": {
            "address_space": [
              "10.0.0.0/16"
            ],
            "bgp_community": "",
            "ddos_protection_plan": [],
            "dns_servers": [],
            "edge_zone": "",
            "flow_timeout_in_minutes": 0,
            "guid": "79522d27-a04e-464d-8d40-b3e03d9f1526",
            "id": "/subscriptions/abd16081-d606-48a0-a73f-1dd4984e5cd8/resourceGroups/b3-vm1/providers/Microsoft.Network/virtualNetworks/b3-vm1",
            "location": "eastus",
            "name": "b3-vm1",
            "resource_group_name": "b3-vm1",
            "subnet": [
              {
                "address_prefix": "10.0.2.0/24",
                "id": "/subscriptions/abd16081-d606-48a0-a73f-1dd4984e5cd8/resourceGroups/b3-vm1/providers/Microsoft.Network/virtualNetworks/b3-vm1/subnets/internal",
                "name": "internal",
                "security_group": ""
              }
            ],
            "tags": {},
            "timeouts": null
          },
          "sensitive_attributes": [],
          "private": "eyJlMmJmYjczMC1lY2FhLTExZTYtOGY4OC0zNDM2M2JjN2M0YzAiOnsiY3JlYXRlIjoxODAwMDAwMDAwMDAwLCJkZWxldGUiOjE4MDAwMDAwMDAwMDAsInJlYWQiOjMwMDAwMDAwMDAwMCwidXBkYXRlIjoxODAwMDAwMDAwMDAwfX0=",
          "dependencies": [
            "azurerm_resource_group.rg-b3-vm1"
          ]
        }
      ]
    }
  ],
  "check_results": null
}
